
Microsoft Visual Studio Solution File, Format Version 12.00
Project("{FAE04EC0-301F-11D3-BF4B-00C04F79EFBC}") = "csharp-boolflix", "csharp-boolflix.csproj", "{439D1168-0281-4F21-9C55-7BB20D1C88DC}"
EndProject
Global
	GlobalSection(SolutionConfigurationPlatforms) = preSolution
		Debug|Any CPU = Debug|Any CPU
		Release|Any CPU = Release|Any CPU
	EndGlobalSection
	GlobalSection(ProjectConfigurationPlatforms) = postSolution
		{439D1168-0281-4F21-9C55-7BB20D1C88DC}.Debug|Any CPU.ActiveCfg = Debug|Any CPU
		{439D1168-0281-4F21-9C55-7BB20D1C88DC}.Debug|Any CPU.Build.0 = Debug|Any CPU
		{439D1168-0281-4F21-9C55-7BB20D1C88DC}.Release|Any CPU.ActiveCfg = Release|Any CPU
		{439D1168-0281-4F21-9C55-7BB20D1C88DC}.Release|Any CPU.Build.0 = Release|Any CPU
	EndGlobalSection
EndGlobal
